
Microsoft Visual Studio Solution File, Format Version 12.00
# Visual Studio Version 17
VisualStudioVersion = 17.11.35303.130
MinimumVisualStudioVersion = 10.0.40219.1
Project("{FAE04EC0-301F-11D3-BF4B-00C04F79EFBC}") = "Upload_file", "Upload_file\Upload_file.csproj", "{7CEFF8F4-ED65-4B8D-BC09-112784B4D7ED}"
EndProject
Global
	GlobalSection(SolutionConfigurationPlatforms) = preSolution
		Debug|Any CPU = Debug|Any CPU
		Release|Any CPU = Release|Any CPU
	EndGlobalSection
	GlobalSection(ProjectConfigurationPlatforms) = postSolution
		{7CEFF8F4-ED65-4B8D-BC09-112784B4D7ED}.Debug|Any CPU.ActiveCfg = Debug|Any CPU
		{7CEFF8F4-ED65-4B8D-BC09-112784B4D7ED}.Debug|Any CPU.Build.0 = Debug|Any CPU
		{7CEFF8F4-ED65-4B8D-BC09-112784B4D7ED}.Release|Any CPU.ActiveCfg = Release|Any CPU
		{7CEFF8F4-ED65-4B8D-BC09-112784B4D7ED}.Release|Any CPU.Build.0 = Release|Any CPU
	EndGlobalSection
	GlobalSection(SolutionProperties) = preSolution
		HideSolutionNode = FALSE
	EndGlobalSection
	GlobalSection(ExtensibilityGlobals) = postSolution
		SolutionGuid = {2A1BB85C-DF9D-4460-B8A5-0A2FEEDAFBF4}
	EndGlobalSection
EndGlobal
